{
	"name": "@softvar/util-dom",
	"version": "0.0.5",
	"lockfileVersion": 1,
	"requires": true,
	"dependencies": {
		"@softvar/util-promise": {
			"version": "0.0.3",
			"resolved": "https://registry.npmjs.org/@softvar/util-promise/-/util-promise-0.0.3.tgz",
			"integrity": "sha512-/rADmo9D7yYxPrcGdiJpCgrwgC3JhPArst5cUJ4jCqwob6rH0wKDymygU4rh2ArwBIyZEcouBKtUnjmhjQRs8Q=="
		}
	}
}
