# THIS IS AN AUTOGENERATED FILE. DO NOT EDIT THIS FILE DIRECTLY.
# yarn lockfile v1


"@softvar/util-datatype@^1.0.0":
  version "1.0.0"
  resolved "https://registry.yarnpkg.com/@softvar/util-datatype/-/util-datatype-1.0.0.tgz#c279e1249c12dcaa1baa4aa2eaa9173a21716260"
  integrity sha512-FfrRiPtHFdwmb7wlUMlfI/U+OyGj/PclAIcxdMmTtRMY8IHjCjRWKDN5HlP/lIzMIIkCTpJLgZ869IKuIafZsQ==
